
Microsoft Visual Studio Solution File, Format Version 12.00
# Visual Studio Version 17
VisualStudioVersion = 17.1.32228.430
MinimumVisualStudioVersion = 10.0.40219.1
Project("{FAE04EC0-301F-11D3-BF4B-00C04F79EFBC}") = "Maps", "Maps\Maps.csproj", "{E49EDEEB-BD1C-4C2B-BA9A-DDC0CB9D4C2C}"
EndProject
Global
	GlobalSection(SolutionConfigurationPlatforms) = preSolution
		Debug|Any CPU = Debug|Any CPU
		Release|Any CPU = Release|Any CPU
	EndGlobalSection
	GlobalSection(ProjectConfigurationPlatforms) = postSolution
		{E49EDEEB-BD1C-4C2B-BA9A-DDC0CB9D4C2C}.Debug|Any CPU.ActiveCfg = Debug|Any CPU
		{E49EDEEB-BD1C-4C2B-BA9A-DDC0CB9D4C2C}.Debug|Any CPU.Build.0 = Debug|Any CPU
		{E49EDEEB-BD1C-4C2B-BA9A-DDC0CB9D4C2C}.Release|Any CPU.ActiveCfg = Release|Any CPU
		{E49EDEEB-BD1C-4C2B-BA9A-DDC0CB9D4C2C}.Release|Any CPU.Build.0 = Release|Any CPU
	EndGlobalSection
	GlobalSection(SolutionProperties) = preSolution
		HideSolutionNode = FALSE
	EndGlobalSection
	GlobalSection(ExtensibilityGlobals) = postSolution
		SolutionGuid = {3224E748-6FE2-45DD-A075-4179AAF2AF3F}
	EndGlobalSection
EndGlobal
